{"1.2.0",
[{<<"common">>,
  {git,"https://github.com/joq62/common.git",
       {ref,"5408d5dee329aada35b6b2e7b0607af3b5ff25c7"}},
  0},
 {<<"cowboy">>,
  {git,"https://github.com/ninenines/cowboy",
       {ref,"7e160b494760d9b841a957b43f07a6ca6beeeb6b"}},
  1},
 {<<"cowlib">>,
  {git,"https://github.com/ninenines/cowlib",
       {ref,"1c3d5defba28e92a88ce45c440d57e178ab1c514"}},
  1},
 {<<"gun">>,
  {git,"https://github.com/ninenines/gun",
       {ref,"e7dd9f227e46979d8073e71c683395a809b78cb4"}},
  1},
 {<<"jsx">>,{pkg,<<"jsx">>,<<"3.1.0">>},1},
 {<<"log">>,
  {git,"https://github.com/joq62/log.git",
       {ref,"5633918783f23f8e0444d5d28739bac5ed09f2ea"}},
  0},
 {<<"phoscon_server">>,
  {git,"https://github.com/joq62/phoscon_server.git",
       {ref,"a456c9ef47d8d8fea66576f18c800ac657cb7f4b"}},
  0},
 {<<"ranch">>,
  {git,"https://github.com/ninenines/ranch",
       {ref,"3190aef88aea04d6dce8545fe9b4574288903f44"}},
  1},
 {<<"rd">>,
  {git,"https://github.com/joq62/rd.git",
       {ref,"9fd05e185cb579fa031fd925d5190eef5a3db4cb"}},
  0}]}.
[
{pkg_hash,[
 {<<"jsx">>, <<"D12516BAA0BB23A59BB35DCCAF02A1BD08243FCBB9EFE24F2D9D056CCFF71268">>}]},
{pkg_hash_ext,[
 {<<"jsx">>, <<"0C5CC8FDC11B53CC25CF65AC6705AD39E54ECC56D1C22E4ADB8F5A53FB9427F3">>}]}
].
